{
  "name": "projector-launcher",
  "version": "1.0.0",
  "lockfileVersion": 1,
  "requires": true,
  "dependencies": {
    "kotlin": {
      "version": "1.4.10",
      "resolved": "https://registry.npmjs.org/kotlin/-/kotlin-1.4.10.tgz",
      "integrity": "sha512-YsaGuGbB68tTlKung+RMi0+iIOrjbz5SP+BAXdO4Hbid06uZGZaAEH0kXwBrEnkL5hhkmWNNp+oIOjftQqNW4Q=="
    }
  }
}
